{
  "name": "offseason_ogre_test",
  "lockfileVersion": 2,
  "requires": true,
  "packages": {
    "": {
      "dependencies": {
        "logrocket": "^2.1.3"
      }
    },
    "node_modules/logrocket": {
      "version": "2.1.3",
      "resolved": "https://registry.npmjs.org/logrocket/-/logrocket-2.1.3.tgz",
      "integrity": "sha512-qrGyZON8EEpiFSWaiL2qM1LsgQ/ccivpMhrjGMLCrbG3uJ60YdRkgRR8bpuxkgMY3RMa8E7cpkvir0L0B/6yHg=="
    }
  },
  "dependencies": {
    "logrocket": {
      "version": "2.1.3",
      "resolved": "https://registry.npmjs.org/logrocket/-/logrocket-2.1.3.tgz",
      "integrity": "sha512-qrGyZON8EEpiFSWaiL2qM1LsgQ/ccivpMhrjGMLCrbG3uJ60YdRkgRR8bpuxkgMY3RMa8E7cpkvir0L0B/6yHg=="
    }
  }
}
